
Microsoft Visual Studio Solution File, Format Version 12.00
# Visual Studio Version 16
VisualStudioVersion = 16.0.30204.135
MinimumVisualStudioVersion = 10.0.40219.1
Project("{FAE04EC0-301F-11D3-BF4B-00C04F79EFBC}") = "ICS.Android", "ICS\ICS.Android\ICS.Android.csproj", "{E8B03165-7948-4D7D-9D58-8220BE6F0AD9}"
EndProject
Project("{FAE04EC0-301F-11D3-BF4B-00C04F79EFBC}") = "ICS.iOS", "ICS\ICS.iOS\ICS.iOS.csproj", "{CEC0E093-9861-4E9C-82C4-92D3CB5CDB72}"
EndProject
Project("{FAE04EC0-301F-11D3-BF4B-00C04F79EFBC}") = "ICS", "ICS\ICS\ICS.csproj", "{F32683B4-C36E-4D7F-BF0F-FB08BFBA878B}"
EndProject
Global
	GlobalSection(SolutionConfigurationPlatforms) = preSolution
		Debug|Any CPU = Debug|Any CPU
		Debug|iPhone = Debug|iPhone
		Debug|iPhoneSimulator = Debug|iPhoneSimulator
		Release|Any CPU = Release|Any CPU
		Release|iPhone = Release|iPhone
		Release|iPhoneSimulator = Release|iPhoneSimulator
	EndGlobalSection
	GlobalSection(ProjectConfigurationPlatforms) = postSolution
		{E8B03165-7948-4D7D-9D58-8220BE6F0AD9}.Debug|Any CPU.ActiveCfg = Debug|Any CPU
		{E8B03165-7948-4D7D-9D58-8220BE6F0AD9}.Debug|Any CPU.Build.0 = Debug|Any CPU
		{E8B03165-7948-4D7D-9D58-8220BE6F0AD9}.Debug|Any CPU.Deploy.0 = Debug|Any CPU
		{E8B03165-7948-4D7D-9D58-8220BE6F0AD9}.Debug|iPhone.ActiveCfg = Debug|Any CPU
		{E8B03165-7948-4D7D-9D58-8220BE6F0AD9}.Debug|iPhone.Build.0 = Debug|Any CPU
		{E8B03165-7948-4D7D-9D58-8220BE6F0AD9}.Debug|iPhone.Deploy.0 = Debug|Any CPU
		{E8B03165-7948-4D7D-9D58-8220BE6F0AD9}.Debug|iPhoneSimulator.ActiveCfg = Debug|Any CPU
		{E8B03165-7948-4D7D-9D58-8220BE6F0AD9}.Debug|iPhoneSimulator.Build.0 = Debug|Any CPU
		{E8B03165-7948-4D7D-9D58-8220BE6F0AD9}.Debug|iPhoneSimulator.Deploy.0 = Debug|Any CPU
		{E8B03165-7948-4D7D-9D58-8220BE6F0AD9}.Release|Any CPU.ActiveCfg = Release|Any CPU
		{E8B03165-7948-4D7D-9D58-8220BE6F0AD9}.Release|Any CPU.Build.0 = Release|Any CPU
		{E8B03165-7948-4D7D-9D58-8220BE6F0AD9}.Release|Any CPU.Deploy.0 = Release|Any CPU
		{E8B03165-7948-4D7D-9D58-8220BE6F0AD9}.Release|iPhone.ActiveCfg = Release|Any CPU
		{E8B03165-7948-4D7D-9D58-8220BE6F0AD9}.Release|iPhone.Build.0 = Release|Any CPU
		{E8B03165-7948-4D7D-9D58-8220BE6F0AD9}.Release|iPhone.Deploy.0 = Release|Any CPU
		{E8B03165-7948-4D7D-9D58-8220BE6F0AD9}.Release|iPhoneSimulator.ActiveCfg = Release|Any CPU
		{E8B03165-7948-4D7D-9D58-8220BE6F0AD9}.Release|iPhoneSimulator.Build.0 = Release|Any CPU
		{E8B03165-7948-4D7D-9D58-8220BE6F0AD9}.Release|iPhoneSimulator.Deploy.0 = Release|Any CPU
		{CEC0E093-9861-4E9C-82C4-92D3CB5CDB72}.Debug|Any CPU.ActiveCfg = Debug|iPhone
		{CEC0E093-9861-4E9C-82C4-92D3CB5CDB72}.Debug|Any CPU.Build.0 = Debug|iPhone
		{CEC0E093-9861-4E9C-82C4-92D3CB5CDB72}.Debug|Any CPU.Deploy.0 = Debug|iPhone
		{CEC0E093-9861-4E9C-82C4-92D3CB5CDB72}.Debug|iPhone.ActiveCfg = Debug|iPhone
		{CEC0E093-9861-4E9C-82C4-92D3CB5CDB72}.Debug|iPhone.Build.0 = Debug|iPhone
		{CEC0E093-9861-4E9C-82C4-92D3CB5CDB72}.Debug|iPhone.Deploy.0 = Debug|iPhone
		{CEC0E093-9861-4E9C-82C4-92D3CB5CDB72}.Debug|iPhoneSimulator.ActiveCfg = Debug|iPhoneSimulator
		{CEC0E093-9861-4E9C-82C4-92D3CB5CDB72}.Debug|iPhoneSimulator.Build.0 = Debug|iPhoneSimulator
		{CEC0E093-9861-4E9C-82C4-92D3CB5CDB72}.Debug|iPhoneSimulator.Deploy.0 = Debug|iPhoneSimulator
		{CEC0E093-9861-4E9C-82C4-92D3CB5CDB72}.Release|Any CPU.ActiveCfg = Release|iPhone
		{CEC0E093-9861-4E9C-82C4-92D3CB5CDB72}.Release|Any CPU.Build.0 = Release|iPhone
		{CEC0E093-9861-4E9C-82C4-92D3CB5CDB72}.Release|Any CPU.Deploy.0 = Release|iPhone
		{CEC0E093-9861-4E9C-82C4-92D3CB5CDB72}.Release|iPhone.ActiveCfg = Release|iPhone
		{CEC0E093-9861-4E9C-82C4-92D3CB5CDB72}.Release|iPhone.Build.0 = Release|iPhone
		{CEC0E093-9861-4E9C-82C4-92D3CB5CDB72}.Release|iPhone.Deploy.0 = Release|iPhone
		{CEC0E093-9861-4E9C-82C4-92D3CB5CDB72}.Release|iPhoneSimulator.ActiveCfg = Release|iPhoneSimulator
		{CEC0E093-9861-4E9C-82C4-92D3CB5CDB72}.Release|iPhoneSimulator.Build.0 = Release|iPhoneSimulator
		{CEC0E093-9861-4E9C-82C4-92D3CB5CDB72}.Release|iPhoneSimulator.Deploy.0 = Release|iPhoneSimulator
		{F32683B4-C36E-4D7F-BF0F-FB08BFBA878B}.Debug|Any CPU.ActiveCfg = Debug|Any CPU
		{F32683B4-C36E-4D7F-BF0F-FB08BFBA878B}.Debug|Any CPU.Build.0 = Debug|Any CPU
		{F32683B4-C36E-4D7F-BF0F-FB08BFBA878B}.Debug|Any CPU.Deploy.0 = Debug|Any CPU
		{F32683B4-C36E-4D7F-BF0F-FB08BFBA878B}.Debug|iPhone.ActiveCfg = Debug|Any CPU
		{F32683B4-C36E-4D7F-BF0F-FB08BFBA878B}.Debug|iPhone.Build.0 = Debug|Any CPU
		{F32683B4-C36E-4D7F-BF0F-FB08BFBA878B}.Debug|iPhone.Deploy.0 = Debug|Any CPU
		{F32683B4-C36E-4D7F-BF0F-FB08BFBA878B}.Debug|iPhoneSimulator.ActiveCfg = Debug|Any CPU
		{F32683B4-C36E-4D7F-BF0F-FB08BFBA878B}.Debug|iPhoneSimulator.Build.0 = Debug|Any CPU
		{F32683B4-C36E-4D7F-BF0F-FB08BFBA878B}.Debug|iPhoneSimulator.Deploy.0 = Debug|Any CPU
		{F32683B4-C36E-4D7F-BF0F-FB08BFBA878B}.Release|Any CPU.ActiveCfg = Release|Any CPU
		{F32683B4-C36E-4D7F-BF0F-FB08BFBA878B}.Release|Any CPU.Build.0 = Release|Any CPU
		{F32683B4-C36E-4D7F-BF0F-FB08BFBA878B}.Release|Any CPU.Deploy.0 = Release|Any CPU
		{F32683B4-C36E-4D7F-BF0F-FB08BFBA878B}.Release|iPhone.ActiveCfg = Release|Any CPU
		{F32683B4-C36E-4D7F-BF0F-FB08BFBA878B}.Release|iPhone.Build.0 = Release|Any CPU
		{F32683B4-C36E-4D7F-BF0F-FB08BFBA878B}.Release|iPhone.Deploy.0 = Release|Any CPU
		{F32683B4-C36E-4D7F-BF0F-FB08BFBA878B}.Release|iPhoneSimulator.ActiveCfg = Release|Any CPU
		{F32683B4-C36E-4D7F-BF0F-FB08BFBA878B}.Release|iPhoneSimulator.Build.0 = Release|Any CPU
		{F32683B4-C36E-4D7F-BF0F-FB08BFBA878B}.Release|iPhoneSimulator.Deploy.0 = Release|Any CPU
	EndGlobalSection
	GlobalSection(SolutionProperties) = preSolution
		HideSolutionNode = FALSE
	EndGlobalSection
	GlobalSection(ExtensibilityGlobals) = postSolution
		SolutionGuid = {D41D7344-60A9-4BBF-A3B6-E813FF9B0F7F}
	EndGlobalSection
EndGlobal
